
Microsoft Visual Studio Solution File, Format Version 12.00
# Visual Studio Version 16
VisualStudioVersion = 16.0.30804.86
MinimumVisualStudioVersion = 10.0.40219.1
Project("{FAE04EC0-301F-11D3-BF4B-00C04F79EFBC}") = "ReadonlyMarker", "ReadonlyMarker\ReadonlyMarker.csproj", "{A00532C9-45A0-4325-8744-425895EEE88F}"
EndProject
Global
	GlobalSection(SolutionConfigurationPlatforms) = preSolution
		Debug|Any CPU = Debug|Any CPU
		Release|Any CPU = Release|Any CPU
	EndGlobalSection
	GlobalSection(ProjectConfigurationPlatforms) = postSolution
		{A00532C9-45A0-4325-8744-425895EEE88F}.Debug|Any CPU.ActiveCfg = Debug|Any CPU
		{A00532C9-45A0-4325-8744-425895EEE88F}.Debug|Any CPU.Build.0 = Debug|Any CPU
		{A00532C9-45A0-4325-8744-425895EEE88F}.Release|Any CPU.ActiveCfg = Release|Any CPU
		{A00532C9-45A0-4325-8744-425895EEE88F}.Release|Any CPU.Build.0 = Release|Any CPU
	EndGlobalSection
	GlobalSection(SolutionProperties) = preSolution
		HideSolutionNode = FALSE
	EndGlobalSection
	GlobalSection(ExtensibilityGlobals) = postSolution
		SolutionGuid = {F06E4986-E08F-4173-84B1-B77745EE7B74}
	EndGlobalSection
EndGlobal
